# Code generated by scarb DO NOT EDIT.
version = 1

[[package]]
name = "token_bound_accounts"
version = "0.3.0"
source = "git+https://github.com/Starknet-Africa-Edu/TBA?tag=v0.3.0#1f8b5e3c45422fb188ef2cf874b46d02f642973b"

[[package]]
name = "workshop"
version = "0.1.0"
dependencies = [
 "token_bound_accounts",
]
